
Microsoft Visual Studio Solution File, Format Version 12.00
# Visual Studio Version 17
VisualStudioVersion = 17.3.32922.545
MinimumVisualStudioVersion = 10.0.40219.1
Project("{2150E333-8FDC-42A3-9474-1A3956D46DE8}") = "src", "src", "{C6D20A89-F0B2-46BB-B231-3516A5CDFCF7}"
EndProject
Project("{2150E333-8FDC-42A3-9474-1A3956D46DE8}") = "CatalogService", "CatalogService", "{4368286B-62C9-450C-82EC-81441F41116C}"
EndProject
Project("{9A19103F-16F7-4668-BE54-9A1E7A4F7556}") = "CatalogService.Api", "src\CatalogService\CatalogService.Api\CatalogService.Api.csproj", "{AA5F3CB8-1AD2-4A43-804D-C52F0C8B3687}"
EndProject
Project("{9A19103F-16F7-4668-BE54-9A1E7A4F7556}") = "CatalogService.Infrastructure", "src\CatalogService\CatalogService.Infrastructure\CatalogService.Infrastructure.csproj", "{C345165E-4BD0-4342-A037-E739CAFED3E4}"
EndProject
Project("{9A19103F-16F7-4668-BE54-9A1E7A4F7556}") = "CatalogService.Shared", "src\CatalogService\CatalogService.Shared\CatalogService.Shared.csproj", "{BC2B6FDB-83B1-4D21-B56E-96FCD4914238}"
EndProject
Project("{9A19103F-16F7-4668-BE54-9A1E7A4F7556}") = "CatalogService.Business", "src\CatalogService\CatalogService.Business\CatalogService.Business.csproj", "{11007DEF-0605-40D8-98C9-B8A174AED7B0}"
EndProject
Project("{E53339B2-1760-4266-BCC7-CA923CBCF16C}") = "docker-compose", "docker-compose.dcproj", "{83F9C7F5-FD56-4BD6-8F6F-8D6CE4547EE6}"
EndProject
Project("{2150E333-8FDC-42A3-9474-1A3956D46DE8}") = "BasketService", "BasketService", "{D8F94257-A249-4033-8653-DCDFBA13F597}"
EndProject
Project("{9A19103F-16F7-4668-BE54-9A1E7A4F7556}") = "BasketService.Api", "src\BasketService\BasketService.Api\BasketService.Api.csproj", "{672D6928-17F9-49DF-9CB2-FC53EBA1B005}"
EndProject
Project("{9A19103F-16F7-4668-BE54-9A1E7A4F7556}") = "BasketService.Business", "src\BasketService\BasketService.Business\BasketService.Business.csproj", "{AF575C17-04D6-4651-BE2E-B46DE0718095}"
EndProject
Project("{9A19103F-16F7-4668-BE54-9A1E7A4F7556}") = "BasketService.Infrastructure", "src\BasketService\BasketService.Infrastructure\BasketService.Infrastructure.csproj", "{C8BFDF78-3F86-48BB-9D53-DE54F724F004}"
EndProject
Project("{9A19103F-16F7-4668-BE54-9A1E7A4F7556}") = "BasketService.Shared", "src\BasketService\BasketService.Shared\BasketService.Shared.csproj", "{25C3DD44-299F-49FF-8435-DDF63BDE8C47}"
EndProject
Project("{2150E333-8FDC-42A3-9474-1A3956D46DE8}") = "DiscountService", "DiscountService", "{8407FE69-0922-4EE3-8D1D-EB9718DF2FD0}"
EndProject
Project("{FAE04EC0-301F-11D3-BF4B-00C04F79EFBC}") = "DiscountService.Api", "src\DiscountService\DiscountService.Api\DiscountService.Api.csproj", "{32A76F20-7F60-4982-B696-832162AEBC8F}"
EndProject
Project("{FAE04EC0-301F-11D3-BF4B-00C04F79EFBC}") = "DiscountService.Business", "src\DiscountService\DiscountService.Business\DiscountService.Business.csproj", "{EE0B146D-B7BE-4935-9B52-C7F2825D1268}"
EndProject
Project("{FAE04EC0-301F-11D3-BF4B-00C04F79EFBC}") = "DiscountService.Shared", "src\DiscountService\DiscountService.Shared\DiscountService.Shared.csproj", "{05F2D784-2490-4BED-A9BE-715A157E9EE2}"
EndProject
Project("{FAE04EC0-301F-11D3-BF4B-00C04F79EFBC}") = "DiscountService.Infrastructure", "src\DiscountService\DiscountService.Infrastructure\DiscountService.Infrastructure.csproj", "{084AFD52-C2C3-4E4B-B1D1-49F5485CEE3D}"
EndProject
Global
	GlobalSection(SolutionConfigurationPlatforms) = preSolution
		Debug|Any CPU = Debug|Any CPU
		Release|Any CPU = Release|Any CPU
	EndGlobalSection
	GlobalSection(ProjectConfigurationPlatforms) = postSolution
		{AA5F3CB8-1AD2-4A43-804D-C52F0C8B3687}.Debug|Any CPU.ActiveCfg = Debug|Any CPU
		{AA5F3CB8-1AD2-4A43-804D-C52F0C8B3687}.Debug|Any CPU.Build.0 = Debug|Any CPU
		{AA5F3CB8-1AD2-4A43-804D-C52F0C8B3687}.Release|Any CPU.ActiveCfg = Release|Any CPU
		{AA5F3CB8-1AD2-4A43-804D-C52F0C8B3687}.Release|Any CPU.Build.0 = Release|Any CPU
		{C345165E-4BD0-4342-A037-E739CAFED3E4}.Debug|Any CPU.ActiveCfg = Debug|Any CPU
		{C345165E-4BD0-4342-A037-E739CAFED3E4}.Debug|Any CPU.Build.0 = Debug|Any CPU
		{C345165E-4BD0-4342-A037-E739CAFED3E4}.Release|Any CPU.ActiveCfg = Release|Any CPU
		{C345165E-4BD0-4342-A037-E739CAFED3E4}.Release|Any CPU.Build.0 = Release|Any CPU
		{BC2B6FDB-83B1-4D21-B56E-96FCD4914238}.Debug|Any CPU.ActiveCfg = Debug|Any CPU
		{BC2B6FDB-83B1-4D21-B56E-96FCD4914238}.Debug|Any CPU.Build.0 = Debug|Any CPU
		{BC2B6FDB-83B1-4D21-B56E-96FCD4914238}.Release|Any CPU.ActiveCfg = Release|Any CPU
		{BC2B6FDB-83B1-4D21-B56E-96FCD4914238}.Release|Any CPU.Build.0 = Release|Any CPU
		{11007DEF-0605-40D8-98C9-B8A174AED7B0}.Debug|Any CPU.ActiveCfg = Debug|Any CPU
		{11007DEF-0605-40D8-98C9-B8A174AED7B0}.Debug|Any CPU.Build.0 = Debug|Any CPU
		{11007DEF-0605-40D8-98C9-B8A174AED7B0}.Release|Any CPU.ActiveCfg = Release|Any CPU
		{11007DEF-0605-40D8-98C9-B8A174AED7B0}.Release|Any CPU.Build.0 = Release|Any CPU
		{83F9C7F5-FD56-4BD6-8F6F-8D6CE4547EE6}.Debug|Any CPU.ActiveCfg = Debug|Any CPU
		{83F9C7F5-FD56-4BD6-8F6F-8D6CE4547EE6}.Debug|Any CPU.Build.0 = Debug|Any CPU
		{83F9C7F5-FD56-4BD6-8F6F-8D6CE4547EE6}.Release|Any CPU.ActiveCfg = Release|Any CPU
		{83F9C7F5-FD56-4BD6-8F6F-8D6CE4547EE6}.Release|Any CPU.Build.0 = Release|Any CPU
		{672D6928-17F9-49DF-9CB2-FC53EBA1B005}.Debug|Any CPU.ActiveCfg = Debug|Any CPU
		{672D6928-17F9-49DF-9CB2-FC53EBA1B005}.Debug|Any CPU.Build.0 = Debug|Any CPU
		{672D6928-17F9-49DF-9CB2-FC53EBA1B005}.Release|Any CPU.ActiveCfg = Release|Any CPU
		{672D6928-17F9-49DF-9CB2-FC53EBA1B005}.Release|Any CPU.Build.0 = Release|Any CPU
		{AF575C17-04D6-4651-BE2E-B46DE0718095}.Debug|Any CPU.ActiveCfg = Debug|Any CPU
		{AF575C17-04D6-4651-BE2E-B46DE0718095}.Debug|Any CPU.Build.0 = Debug|Any CPU
		{AF575C17-04D6-4651-BE2E-B46DE0718095}.Release|Any CPU.ActiveCfg = Release|Any CPU
		{AF575C17-04D6-4651-BE2E-B46DE0718095}.Release|Any CPU.Build.0 = Release|Any CPU
		{C8BFDF78-3F86-48BB-9D53-DE54F724F004}.Debug|Any CPU.ActiveCfg = Debug|Any CPU
		{C8BFDF78-3F86-48BB-9D53-DE54F724F004}.Debug|Any CPU.Build.0 = Debug|Any CPU
		{C8BFDF78-3F86-48BB-9D53-DE54F724F004}.Release|Any CPU.ActiveCfg = Release|Any CPU
		{C8BFDF78-3F86-48BB-9D53-DE54F724F004}.Release|Any CPU.Build.0 = Release|Any CPU
		{25C3DD44-299F-49FF-8435-DDF63BDE8C47}.Debug|Any CPU.ActiveCfg = Debug|Any CPU
		{25C3DD44-299F-49FF-8435-DDF63BDE8C47}.Debug|Any CPU.Build.0 = Debug|Any CPU
		{25C3DD44-299F-49FF-8435-DDF63BDE8C47}.Release|Any CPU.ActiveCfg = Release|Any CPU
		{25C3DD44-299F-49FF-8435-DDF63BDE8C47}.Release|Any CPU.Build.0 = Release|Any CPU
		{32A76F20-7F60-4982-B696-832162AEBC8F}.Debug|Any CPU.ActiveCfg = Debug|Any CPU
		{32A76F20-7F60-4982-B696-832162AEBC8F}.Debug|Any CPU.Build.0 = Debug|Any CPU
		{32A76F20-7F60-4982-B696-832162AEBC8F}.Release|Any CPU.ActiveCfg = Release|Any CPU
		{32A76F20-7F60-4982-B696-832162AEBC8F}.Release|Any CPU.Build.0 = Release|Any CPU
		{EE0B146D-B7BE-4935-9B52-C7F2825D1268}.Debug|Any CPU.ActiveCfg = Debug|Any CPU
		{EE0B146D-B7BE-4935-9B52-C7F2825D1268}.Debug|Any CPU.Build.0 = Debug|Any CPU
		{EE0B146D-B7BE-4935-9B52-C7F2825D1268}.Release|Any CPU.ActiveCfg = Release|Any CPU
		{EE0B146D-B7BE-4935-9B52-C7F2825D1268}.Release|Any CPU.Build.0 = Release|Any CPU
		{05F2D784-2490-4BED-A9BE-715A157E9EE2}.Debug|Any CPU.ActiveCfg = Debug|Any CPU
		{05F2D784-2490-4BED-A9BE-715A157E9EE2}.Debug|Any CPU.Build.0 = Debug|Any CPU
		{05F2D784-2490-4BED-A9BE-715A157E9EE2}.Release|Any CPU.ActiveCfg = Release|Any CPU
		{05F2D784-2490-4BED-A9BE-715A157E9EE2}.Release|Any CPU.Build.0 = Release|Any CPU
		{084AFD52-C2C3-4E4B-B1D1-49F5485CEE3D}.Debug|Any CPU.ActiveCfg = Debug|Any CPU
		{084AFD52-C2C3-4E4B-B1D1-49F5485CEE3D}.Debug|Any CPU.Build.0 = Debug|Any CPU
		{084AFD52-C2C3-4E4B-B1D1-49F5485CEE3D}.Release|Any CPU.ActiveCfg = Release|Any CPU
		{084AFD52-C2C3-4E4B-B1D1-49F5485CEE3D}.Release|Any CPU.Build.0 = Release|Any CPU
	EndGlobalSection
	GlobalSection(SolutionProperties) = preSolution
		HideSolutionNode = FALSE
	EndGlobalSection
	GlobalSection(NestedProjects) = preSolution
		{4368286B-62C9-450C-82EC-81441F41116C} = {C6D20A89-F0B2-46BB-B231-3516A5CDFCF7}
		{AA5F3CB8-1AD2-4A43-804D-C52F0C8B3687} = {4368286B-62C9-450C-82EC-81441F41116C}
		{C345165E-4BD0-4342-A037-E739CAFED3E4} = {4368286B-62C9-450C-82EC-81441F41116C}
		{BC2B6FDB-83B1-4D21-B56E-96FCD4914238} = {4368286B-62C9-450C-82EC-81441F41116C}
		{11007DEF-0605-40D8-98C9-B8A174AED7B0} = {4368286B-62C9-450C-82EC-81441F41116C}
		{D8F94257-A249-4033-8653-DCDFBA13F597} = {C6D20A89-F0B2-46BB-B231-3516A5CDFCF7}
		{672D6928-17F9-49DF-9CB2-FC53EBA1B005} = {D8F94257-A249-4033-8653-DCDFBA13F597}
		{AF575C17-04D6-4651-BE2E-B46DE0718095} = {D8F94257-A249-4033-8653-DCDFBA13F597}
		{C8BFDF78-3F86-48BB-9D53-DE54F724F004} = {D8F94257-A249-4033-8653-DCDFBA13F597}
		{25C3DD44-299F-49FF-8435-DDF63BDE8C47} = {D8F94257-A249-4033-8653-DCDFBA13F597}
		{8407FE69-0922-4EE3-8D1D-EB9718DF2FD0} = {C6D20A89-F0B2-46BB-B231-3516A5CDFCF7}
		{32A76F20-7F60-4982-B696-832162AEBC8F} = {8407FE69-0922-4EE3-8D1D-EB9718DF2FD0}
		{EE0B146D-B7BE-4935-9B52-C7F2825D1268} = {8407FE69-0922-4EE3-8D1D-EB9718DF2FD0}
		{05F2D784-2490-4BED-A9BE-715A157E9EE2} = {8407FE69-0922-4EE3-8D1D-EB9718DF2FD0}
		{084AFD52-C2C3-4E4B-B1D1-49F5485CEE3D} = {8407FE69-0922-4EE3-8D1D-EB9718DF2FD0}
	EndGlobalSection
	GlobalSection(ExtensibilityGlobals) = postSolution
		SolutionGuid = {32DF8A7B-BB62-4ACA-B218-5A28891312AA}
	EndGlobalSection
EndGlobal
